{
  "name": "proxy-server",
  "version": "1.0.0",
  "lockfileVersion": 1,
  "dependencies": {
    "ajv": {
      "version": "4.11.8",
      "resolved": "http://r.tnpm.oa.com/ajv/download/ajv-4.11.8.tgz",
      "integrity": "sha1-gv+wKynmYq5TvcIK8VlHcGc5xTY=",
      "dev": true
    },
    "asn1": {
      "version": "0.2.3",
      "resolved": "http://r.tnpm.oa.com/asn1/download/asn1-0.2.3.tgz",
      "integrity": "sha1-2sh4dxPJlmhJ/IGAd36+nB3fO4Y=",
      "dev": true
    },
    "assert-plus": {
      "version": "0.2.0",
      "resolved": "http://r.tnpm.oa.com/assert-plus/download/assert-plus-0.2.0.tgz",
      "integrity": "sha1-104bh+ev/A24qttwIfP+SBAasjQ=",
      "dev": true
    },
    "asynckit": {
      "version": "0.4.0",
      "resolved": "http://r.tnpm.oa.com/asynckit/download/asynckit-0.4.0.tgz",
      "integrity": "sha1-x57Zf380y48robyXkLzDZkdLS3k=",
      "dev": true
    },
    "aws-sign2": {
      "version": "0.6.0",
      "resolved": "http://r.tnpm.oa.com/aws-sign2/download/aws-sign2-0.6.0.tgz",
      "integrity": "sha1-FDQt0428yU0OW4fXY81jYSwOeU8=",
      "dev": true
    },
    "aws4": {
      "version": "1.6.0",
      "resolved": "http://r.tnpm.oa.com/aws4/download/aws4-1.6.0.tgz",
      "integrity": "sha1-g+9cqGCysy5KDe7e6MdxudtXRx4=",
      "dev": true
    },
    "bcrypt-pbkdf": {
      "version": "1.0.1",
      "resolved": "http://r.tnpm.oa.com/bcrypt-pbkdf/download/bcrypt-pbkdf-1.0.1.tgz",
      "integrity": "sha1-Y7xdy2EzG5K8Bf1SiVPDNGKgb40=",
      "dev": true,
      "optional": true
    },
    "boom": {
      "version": "2.10.1",
      "resolved": "http://r.tnpm.oa.com/boom/download/boom-2.10.1.tgz",
      "integrity": "sha1-OciRjO/1eZ+D+UkqhI9iWt0Mdm8=",
      "dev": true
    },
    "caseless": {
      "version": "0.12.0",
      "resolved": "http://r.tnpm.oa.com/caseless/download/caseless-0.12.0.tgz",
      "integrity": "sha1-G2gcIf+EAzyCZUMJBolCDRhxUdw=",
      "dev": true
    },
    "co": {
      "version": "4.6.0",
      "resolved": "http://r.tnpm.oa.com/co/download/co-4.6.0.tgz",
      "integrity": "sha1-bqa989hTrlTMuOR7+gvz+QMfsYQ=",
      "dev": true
    },
    "combined-stream": {
      "version": "1.0.5",
      "resolved": "http://r.tnpm.oa.com/combined-stream/download/combined-stream-1.0.5.tgz",
      "integrity": "sha1-k4NwpXtKUd6ix3wV1cX9+JUWQAk=",
      "dev": true
    },
    "cryptiles": {
      "version": "2.0.5",
      "resolved": "http://r.tnpm.oa.com/cryptiles/download/cryptiles-2.0.5.tgz",
      "integrity": "sha1-O9/s3GCBR8HGcgL6KR59ylnqo7g=",
      "dev": true
    },
    "dashdash": {
      "version": "1.14.1",
      "resolved": "http://r.tnpm.oa.com/dashdash/download/dashdash-1.14.1.tgz",
      "integrity": "sha1-hTz6D3y+L+1d4gMmuN1YEDX24vA=",
      "dev": true,
      "dependencies": {
        "assert-plus": {
          "version": "1.0.0",
          "resolved": "http://r.tnpm.oa.com/assert-plus/download/assert-plus-1.0.0.tgz",
          "integrity": "sha1-8S4PPF13sLHN2RRpQuTpbB5N1SU=",
          "dev": true
        }
      }
    },
    "delayed-stream": {
      "version": "1.0.0",
      "resolved": "http://r.tnpm.oa.com/delayed-stream/download/delayed-stream-1.0.0.tgz",
      "integrity": "sha1-3zrhmayt+31ECqrgsp4icrJOxhk=",
      "dev": true
    },
    "ecc-jsbn": {
      "version": "0.1.1",
      "resolved": "http://r.tnpm.oa.com/ecc-jsbn/download/ecc-jsbn-0.1.1.tgz",
      "integrity": "sha1-D8c6ntXw1Tw4GTOYUj735UN3dQU=",
      "dev": true,
      "optional": true
    },
    "extend": {
      "version": "3.0.1",
      "resolved": "http://r.tnpm.oa.com/extend/download/extend-3.0.1.tgz",
      "integrity": "sha1-p1Xqe8Gt/MWjHOfnYtuq3F5jZEQ=",
      "dev": true
    },
    "extsprintf": {
      "version": "1.0.2",
      "resolved": "http://r.tnpm.oa.com/extsprintf/download/extsprintf-1.0.2.tgz",
      "integrity": "sha1-4QgOBljjALBilJkMxw4VAiNf1VA=",
      "dev": true
    },
    "forever-agent": {
      "version": "0.6.1",
      "resolved": "http://r.tnpm.oa.com/forever-agent/download/forever-agent-0.6.1.tgz",
      "integrity": "sha1-+8cfDEGt6zf5bFd60e1C2P2sypE=",
      "dev": true
    },
    "form-data": {
      "version": "2.1.4",
      "resolved": "http://r.tnpm.oa.com/form-data/download/form-data-2.1.4.tgz",
      "integrity": "sha1-M8GDrPGTJ27KqYFDpp6Uv+4XUNE=",
      "dev": true
    },
    "getpass": {
      "version": "0.1.7",
      "resolved": "http://r.tnpm.oa.com/getpass/download/getpass-0.1.7.tgz",
      "integrity": "sha1-Xv+OPmhNVprkyysSgmBOi6YhSfo=",
      "dev": true,
      "dependencies": {
        "assert-plus": {
          "version": "1.0.0",
          "resolved": "http://r.tnpm.oa.com/assert-plus/download/assert-plus-1.0.0.tgz",
          "integrity": "sha1-8S4PPF13sLHN2RRpQuTpbB5N1SU=",
          "dev": true
        }
      }
    },
    "har-schema": {
      "version": "1.0.5",
      "resolved": "http://r.tnpm.oa.com/har-schema/download/har-schema-1.0.5.tgz",
      "integrity": "sha1-0mMTX0MwfALGAq/I/pWXDAFRNp4=",
      "dev": true
    },
    "har-validator": {
      "version": "4.2.1",
      "resolved": "http://r.tnpm.oa.com/har-validator/download/har-validator-4.2.1.tgz",
      "integrity": "sha1-M0gdDxu/9gDdID11gSpqX7oALio=",
      "dev": true
    },
    "hawk": {
      "version": "3.1.3",
      "resolved": "http://r.tnpm.oa.com/hawk/download/hawk-3.1.3.tgz",
      "integrity": "sha1-B4REvXwWQLD+VA0sm3PVlnjo4cQ=",
      "dev": true
    },
    "hoek": {
      "version": "2.16.3",
      "resolved": "http://r.tnpm.oa.com/hoek/download/hoek-2.16.3.tgz",
      "integrity": "sha1-ILt0A9POo5jpHcRxCo/xuCdKJe0=",
      "dev": true
    },
    "http-signature": {
      "version": "1.1.1",
      "resolved": "http://r.tnpm.oa.com/http-signature/download/http-signature-1.1.1.tgz",
      "integrity": "sha1-33LiZwZs0Kxn+3at+OE0qPvPkb8=",
      "dev": true
    },
    "is-typedarray": {
      "version": "1.0.0",
      "resolved": "http://r.tnpm.oa.com/is-typedarray/download/is-typedarray-1.0.0.tgz",
      "integrity": "sha1-5HnICFjfDBsR3dppQPlgEfzaSpo=",
      "dev": true
    },
    "isstream": {
      "version": "0.1.2",
      "resolved": "http://r.tnpm.oa.com/isstream/download/isstream-0.1.2.tgz",
      "integrity": "sha1-R+Y/evVa+m+S4VAOaQ64uFKcCZo=",
      "dev": true
    },
    "jsbn": {
      "version": "0.1.1",
      "resolved": "http://r.tnpm.oa.com/jsbn/download/jsbn-0.1.1.tgz",
      "integrity": "sha1-peZUwuWi3rXyAdls77yoDA7y9RM=",
      "dev": true,
      "optional": true
    },
    "json-schema": {
      "version": "0.2.3",
      "resolved": "http://r.tnpm.oa.com/json-schema/download/json-schema-0.2.3.tgz",
      "integrity": "sha1-tIDIkuWaLwWVTOcnvT8qTogvnhM=",
      "dev": true
    },
    "json-stable-stringify": {
      "version": "1.0.1",
      "resolved": "http://r.tnpm.oa.com/json-stable-stringify/download/json-stable-stringify-1.0.1.tgz",
      "integrity": "sha1-mnWdOcXy/1A/1TAGRu1EX4jE+a8=",
      "dev": true
    },
    "json-stringify-safe": {
      "version": "5.0.1",
      "resolved": "http://r.tnpm.oa.com/json-stringify-safe/download/json-stringify-safe-5.0.1.tgz",
      "integrity": "sha1-Epai1Y/UXxmg9s4B1lcB4sc1tus=",
      "dev": true
    },
    "jsonify": {
      "version": "0.0.0",
      "resolved": "http://r.tnpm.oa.com/jsonify/download/jsonify-0.0.0.tgz",
      "integrity": "sha1-LHS27kHZPKUbe1qu6PUDYx0lKnM=",
      "dev": true
    },
    "jsprim": {
      "version": "1.4.0",
      "resolved": "http://r.tnpm.oa.com/jsprim/download/jsprim-1.4.0.tgz",
      "integrity": "sha1-o7h+QCmNjDgFUtjMdiigu5WiKRg=",
      "dev": true,
      "dependencies": {
        "assert-plus": {
          "version": "1.0.0",
          "resolved": "http://r.tnpm.oa.com/assert-plus/download/assert-plus-1.0.0.tgz",
          "integrity": "sha1-8S4PPF13sLHN2RRpQuTpbB5N1SU=",
          "dev": true
        }
      }
    },
    "mime-db": {
      "version": "1.27.0",
      "resolved": "http://r.tnpm.oa.com/mime-db/download/mime-db-1.27.0.tgz",
      "integrity": "sha1-gg9XIpa70g7CXtVeW13oaeVDbrE=",
      "dev": true
    },
    "mime-types": {
      "version": "2.1.15",
      "resolved": "http://r.tnpm.oa.com/mime-types/download/mime-types-2.1.15.tgz",
      "integrity": "sha1-pOv1BkCUVpI3uM9wBGd20J/JKu0=",
      "dev": true
    },
    "oauth-sign": {
      "version": "0.8.2",
      "resolved": "http://r.tnpm.oa.com/oauth-sign/download/oauth-sign-0.8.2.tgz",
      "integrity": "sha1-Rqarfwrq2N6unsBWV4C31O/rnUM=",
      "dev": true
    },
    "performance-now": {
      "version": "0.2.0",
      "resolved": "http://r.tnpm.oa.com/performance-now/download/performance-now-0.2.0.tgz",
      "integrity": "sha1-M+8wxcd9TqIcWlOGnZG1bY8lVeU=",
      "dev": true
    },
    "punycode": {
      "version": "1.4.1",
      "resolved": "http://r.tnpm.oa.com/punycode/download/punycode-1.4.1.tgz",
      "integrity": "sha1-wNWmOycYgArY4esPpSachN1BhF4=",
      "dev": true
    },
    "qs": {
      "version": "6.4.0",
      "resolved": "http://r.tnpm.oa.com/qs/download/qs-6.4.0.tgz",
      "integrity": "sha1-E+JtKK1rD/qpExLNO/cI7TUecjM=",
      "dev": true
    },
    "request": {
      "version": "2.81.0",
      "resolved": "http://r.tnpm.oa.com/request/download/request-2.81.0.tgz",
      "integrity": "sha1-xpKJRqDgbF+Nb4qTM0af/aRimKA=",
      "dev": true
    },
    "safe-buffer": {
      "version": "5.1.0",
      "resolved": "http://r.tnpm.oa.com/safe-buffer/download/safe-buffer-5.1.0.tgz",
      "integrity": "sha1-/kyEYDl/nqqqWOc75GJzQIpF4iM=",
      "dev": true
    },
    "sntp": {
      "version": "1.0.9",
      "resolved": "http://r.tnpm.oa.com/sntp/download/sntp-1.0.9.tgz",
      "integrity": "sha1-ZUEYTMkK7qbG57NeJlkIJEPGYZg=",
      "dev": true
    },
    "sshpk": {
      "version": "1.13.1",
      "resolved": "http://r.tnpm.oa.com/sshpk/download/sshpk-1.13.1.tgz",
      "integrity": "sha1-US322mKHFEMW3EwY/hzx2UBzm+M=",
      "dev": true,
      "dependencies": {
        "assert-plus": {
          "version": "1.0.0",
          "resolved": "http://r.tnpm.oa.com/assert-plus/download/assert-plus-1.0.0.tgz",
          "integrity": "sha1-8S4PPF13sLHN2RRpQuTpbB5N1SU=",
          "dev": true
        }
      }
    },
    "stringstream": {
      "version": "0.0.5",
      "resolved": "http://r.tnpm.oa.com/stringstream/download/stringstream-0.0.5.tgz",
      "integrity": "sha1-TkhM1N5aC7vuGORjB3EKioFiGHg=",
      "dev": true
    },
    "tough-cookie": {
      "version": "2.3.2",
      "resolved": "http://r.tnpm.oa.com/tough-cookie/download/tough-cookie-2.3.2.tgz",
      "integrity": "sha1-8IH3bkyFcg5sN6X6ztc3FQ2EByo=",
      "dev": true
    },
    "tunnel-agent": {
      "version": "0.6.0",
      "resolved": "http://r.tnpm.oa.com/tunnel-agent/download/tunnel-agent-0.6.0.tgz",
      "integrity": "sha1-J6XeoGs2sEoKmWZ3SykIaPD8QP0=",
      "dev": true
    },
    "tweetnacl": {
      "version": "0.14.5",
      "resolved": "http://r.tnpm.oa.com/tweetnacl/download/tweetnacl-0.14.5.tgz",
      "integrity": "sha1-WuaBd/GS1EViadEIr6k/+HQ/T2Q=",
      "dev": true,
      "optional": true
    },
    "uuid": {
      "version": "3.0.1",
      "resolved": "http://r.tnpm.oa.com/uuid/download/uuid-3.0.1.tgz",
      "integrity": "sha1-ZUS7ot/ajBzxfmKaOjBeK7H+5sE=",
      "dev": true
    },
    "verror": {
      "version": "1.3.6",
      "resolved": "http://r.tnpm.oa.com/verror/download/verror-1.3.6.tgz",
      "integrity": "sha1-z/XfEpRtKX0rqu+qJoniW+AcAFw=",
      "dev": true
    }
  }
}
